
Microsoft Visual Studio Solution File, Format Version 12.00
# Visual Studio Version 17
VisualStudioVersion = 17.6.33829.357
MinimumVisualStudioVersion = 10.0.40219.1
Project("{2150E333-8FDC-42A3-9474-1A3956D46DE8}") = "src", "src", "{C6B3320E-86CC-443C-8B7C-5240973A83C8}"
EndProject
Project("{9A19103F-16F7-4668-BE54-9A1E7A4F7556}") = "PerformanceAssesment_1", "src\PerformanceAssesment_1\PerformanceAssesment_1.csproj", "{D4F6B748-4C38-49A1-8AFF-0DE3F11CAA42}"
EndProject
Global
	GlobalSection(SolutionConfigurationPlatforms) = preSolution
		Debug|Any CPU = Debug|Any CPU
		Release|Any CPU = Release|Any CPU
	EndGlobalSection
	GlobalSection(ProjectConfigurationPlatforms) = postSolution
		{D4F6B748-4C38-49A1-8AFF-0DE3F11CAA42}.Debug|Any CPU.ActiveCfg = Debug|Any CPU
		{D4F6B748-4C38-49A1-8AFF-0DE3F11CAA42}.Debug|Any CPU.Build.0 = Debug|Any CPU
		{D4F6B748-4C38-49A1-8AFF-0DE3F11CAA42}.Release|Any CPU.ActiveCfg = Release|Any CPU
		{D4F6B748-4C38-49A1-8AFF-0DE3F11CAA42}.Release|Any CPU.Build.0 = Release|Any CPU
	EndGlobalSection
	GlobalSection(SolutionProperties) = preSolution
		HideSolutionNode = FALSE
	EndGlobalSection
	GlobalSection(NestedProjects) = preSolution
		{D4F6B748-4C38-49A1-8AFF-0DE3F11CAA42} = {C6B3320E-86CC-443C-8B7C-5240973A83C8}
	EndGlobalSection
	GlobalSection(ExtensibilityGlobals) = postSolution
		SolutionGuid = {98F38F3E-4AFD-433E-9269-EC5E7EAC09D8}
	EndGlobalSection
EndGlobal
