
Microsoft Visual Studio Solution File, Format Version 12.00
# Visual Studio Version 17
VisualStudioVersion = 17.7.34202.233
MinimumVisualStudioVersion = 10.0.40219.1
Project("{FAE04EC0-301F-11D3-BF4B-00C04F79EFBC}") = "SRAF", "SRAF.csproj", "{0BDED250-803D-446F-800F-EB1E0E22F078}"
EndProject
Global
	GlobalSection(SolutionConfigurationPlatforms) = preSolution
		Debug|Any CPU = Debug|Any CPU
		Release|Any CPU = Release|Any CPU
	EndGlobalSection
	GlobalSection(ProjectConfigurationPlatforms) = postSolution
		{0BDED250-803D-446F-800F-EB1E0E22F078}.Debug|Any CPU.ActiveCfg = Debug|Any CPU
		{0BDED250-803D-446F-800F-EB1E0E22F078}.Debug|Any CPU.Build.0 = Debug|Any CPU
		{0BDED250-803D-446F-800F-EB1E0E22F078}.Release|Any CPU.ActiveCfg = Release|Any CPU
		{0BDED250-803D-446F-800F-EB1E0E22F078}.Release|Any CPU.Build.0 = Release|Any CPU
	EndGlobalSection
	GlobalSection(SolutionProperties) = preSolution
		HideSolutionNode = FALSE
	EndGlobalSection
	GlobalSection(ExtensibilityGlobals) = postSolution
		SolutionGuid = {8C2D66B6-E258-4C40-8935-5FEB2DD3B29F}
	EndGlobalSection
EndGlobal
